
Microsoft Visual Studio Solution File, Format Version 12.00
# Visual Studio 14
VisualStudioVersion = 14.0.25420.1
MinimumVisualStudioVersion = 10.0.40219.1
Project("{FAE04EC0-301F-11D3-BF4B-00C04F79EFBC}") = "PlariumWeb", "PlariumWeb\PlariumWeb.csproj", "{6EBB98C3-B5CC-4FD6-BDA8-0B2C71AE7D16}"
EndProject
Project("{FAE04EC0-301F-11D3-BF4B-00C04F79EFBC}") = "PlariumWeb.Tests", "PlariumWeb.Tests\PlariumWeb.Tests.csproj", "{72348FEA-1490-4FD7-9239-DCCBA2645116}"
EndProject
Global
	GlobalSection(SolutionConfigurationPlatforms) = preSolution
		Debug|Any CPU = Debug|Any CPU
		Release|Any CPU = Release|Any CPU
	EndGlobalSection
	GlobalSection(ProjectConfigurationPlatforms) = postSolution
		{6EBB98C3-B5CC-4FD6-BDA8-0B2C71AE7D16}.Debug|Any CPU.ActiveCfg = Debug|Any CPU
		{6EBB98C3-B5CC-4FD6-BDA8-0B2C71AE7D16}.Debug|Any CPU.Build.0 = Debug|Any CPU
		{6EBB98C3-B5CC-4FD6-BDA8-0B2C71AE7D16}.Release|Any CPU.ActiveCfg = Release|Any CPU
		{6EBB98C3-B5CC-4FD6-BDA8-0B2C71AE7D16}.Release|Any CPU.Build.0 = Release|Any CPU
		{72348FEA-1490-4FD7-9239-DCCBA2645116}.Debug|Any CPU.ActiveCfg = Debug|Any CPU
		{72348FEA-1490-4FD7-9239-DCCBA2645116}.Debug|Any CPU.Build.0 = Debug|Any CPU
		{72348FEA-1490-4FD7-9239-DCCBA2645116}.Release|Any CPU.ActiveCfg = Release|Any CPU
		{72348FEA-1490-4FD7-9239-DCCBA2645116}.Release|Any CPU.Build.0 = Release|Any CPU
	EndGlobalSection
	GlobalSection(SolutionProperties) = preSolution
		HideSolutionNode = FALSE
	EndGlobalSection
EndGlobal
